Microsoft Visual Studio Solution File, Format Version 12.00
# Visual Studio 2012
Project("{FAE04EC0-301F-11D3-BF4B-00C04F79EFBC}") = "Painting Fever", "Painting Fever.csproj", "{CC52AC6E-F533-4F20-878C-8F8A1B636B80}"
EndProject
Global
	GlobalSection(SolutionConfigurationPlatforms) = preSolution
	Debug|Any CPU = Debug|Any CPU
	ExportDebug|Any CPU = ExportDebug|Any CPU
	ExportRelease|Any CPU = ExportRelease|Any CPU
	EndGlobalSection
	GlobalSection(ProjectConfigurationPlatforms) = postSolution
		{CC52AC6E-F533-4F20-878C-8F8A1B636B80}.Debug|Any CPU.ActiveCfg = Debug|Any CPU
		{CC52AC6E-F533-4F20-878C-8F8A1B636B80}.Debug|Any CPU.Build.0 = Debug|Any CPU
		{CC52AC6E-F533-4F20-878C-8F8A1B636B80}.ExportDebug|Any CPU.ActiveCfg = ExportDebug|Any CPU
		{CC52AC6E-F533-4F20-878C-8F8A1B636B80}.ExportDebug|Any CPU.Build.0 = ExportDebug|Any CPU
		{CC52AC6E-F533-4F20-878C-8F8A1B636B80}.ExportRelease|Any CPU.ActiveCfg = ExportRelease|Any CPU
		{CC52AC6E-F533-4F20-878C-8F8A1B636B80}.ExportRelease|Any CPU.Build.0 = ExportRelease|Any CPU
	EndGlobalSection
EndGlobal
